// !$*UTF8*$!
{
	archiveVersion = 1;
	classes = {
	};
	objectVersion = 56;
	objects = {

/* Begin PBXBuildFile section */
		1201C23B2B5AEC0E0015F8D8 /* SwiftKeychainWrapper in Frameworks */ = {isa = PBXBuildFile; productRef = 1201C23A2B5AEC0E0015F8D8 /* SwiftKeychainWrapper */; };
		1201C23D2B5AEDD00015F8D8 /* AlertPresenter.swift in Sources */ = {isa = PBXBuildFile; fileRef = 1201C23C2B5AEDD00015F8D8 /* AlertPresenter.swift */; };
		12408B832B20C21500F151F0 /* TabBarController.swift in Sources */ = {isa = PBXBuildFile; fileRef = 12408B822B20C21500F151F0 /* TabBarController.swift */; };
		124A269E2B56BEB4006EAF9A /* ProfileService.swift in Sources */ = {isa = PBXBuildFile; fileRef = 124A269D2B56BEB4006EAF9A /* ProfileService.swift */; };
		124A26A02B56C1C1006EAF9A /* ProfileResult.swift in Sources */ = {isa = PBXBuildFile; fileRef = 124A269F2B56C1C1006EAF9A /* ProfileResult.swift */; };
		124A26A22B56C64E006EAF9A /* Data+PrettyPrint.swift in Sources */ = {isa = PBXBuildFile; fileRef = 124A26A12B56C64E006EAF9A /* Data+PrettyPrint.swift */; };
		124A26A42B56D6E4006EAF9A /* ProfileImageService.swift in Sources */ = {isa = PBXBuildFile; fileRef = 124A26A32B56D6E3006EAF9A /* ProfileImageService.swift */; };
		124A26A72B56DB89006EAF9A /* Kingfisher in Frameworks */ = {isa = PBXBuildFile; productRef = 124A26A62B56DB89006EAF9A /* Kingfisher */; };
		126D38502B6FE2B200AFF6EB /* Photo.swift in Sources */ = {isa = PBXBuildFile; fileRef = 126D384F2B6FE2B200AFF6EB /* Photo.swift */; };
		127DC3802B308A470094DCFE /* WebViewViewController.swift in Sources */ = {isa = PBXBuildFile; fileRef = 127DC37F2B308A470094DCFE /* WebViewViewController.swift */; };
		129E97AE2B3D59E500F21833 /* OAuth2Service.swift in Sources */ = {isa = PBXBuildFile; fileRef = 129E97AD2B3D59E500F21833 /* OAuth2Service.swift */; };
		129E97B12B3D60CE00F21833 /* AccessToken.swift in Sources */ = {isa = PBXBuildFile; fileRef = 129E97B02B3D60CE00F21833 /* AccessToken.swift */; };
		129E97B32B3D612400F21833 /* OAuth2TokenStorage.swift in Sources */ = {isa = PBXBuildFile; fileRef = 129E97B22B3D612400F21833 /* OAuth2TokenStorage.swift */; };
		129E97B62B3D65F000F21833 /* UIWindow+key.swift in Sources */ = {isa = PBXBuildFile; fileRef = 129E97B52B3D65F000F21833 /* UIWindow+key.swift */; };
		129E97B92B3D6A2900F21833 /* SplashViewController.swift in Sources */ = {isa = PBXBuildFile; fileRef = 129E97B82B3D6A2900F21833 /* SplashViewController.swift */; };
		12C2009D2B69314F0065EDD9 /* ImagesListService.swift in Sources */ = {isa = PBXBuildFile; fileRef = 12C2009C2B69314F0065EDD9 /* ImagesListService.swift */; };
		12C225132B728C03007D3F79 /* DateFormatter+Types.swift in Sources */ = {isa = PBXBuildFile; fileRef = 12C225122B728C03007D3F79 /* DateFormatter+Types.swift */; };
		12C225162B74F151007D3F79 /* WebViewPresenter.swift in Sources */ = {isa = PBXBuildFile; fileRef = 12C225152B74F151007D3F79 /* WebViewPresenter.swift */; };
		12C225192B74FBDA007D3F79 /* AuthHelper.swift in Sources */ = {isa = PBXBuildFile; fileRef = 12C225182B74FBDA007D3F79 /* AuthHelper.swift */; };
		12C2251C2B74FFEE007D3F79 /* WebViewTests.swift in Sources */ = {isa = PBXBuildFile; fileRef = 12C2251B2B74FFEE007D3F79 /* WebViewTests.swift */; };
		12C2251E2B750095007D3F79 /* WebViewPresenterSpy.swift in Sources */ = {isa = PBXBuildFile; fileRef = 12C2251D2B750095007D3F79 /* WebViewPresenterSpy.swift */; };
		12C225212B750601007D3F79 /* WebViewControllerSpy.swift in Sources */ = {isa = PBXBuildFile; fileRef = 12C225202B750601007D3F79 /* WebViewControllerSpy.swift */; };
		12C225242B751F6A007D3F79 /* ProfilePresenter.swift in Sources */ = {isa = PBXBuildFile; fileRef = 12C225232B751F6A007D3F79 /* ProfilePresenter.swift */; };
		12C225272B75228E007D3F79 /* ProfileTests.swift in Sources */ = {isa = PBXBuildFile; fileRef = 12C225262B75228D007D3F79 /* ProfileTests.swift */; };
		12C225292B753FB3007D3F79 /* ImagesListPresenter.swift in Sources */ = {isa = PBXBuildFile; fileRef = 12C225282B753FB2007D3F79 /* ImagesListPresenter.swift */; };
		12C2252C2B754450007D3F79 /* ImagesListTests.swift in Sources */ = {isa = PBXBuildFile; fileRef = 12C2252B2B754450007D3F79 /* ImagesListTests.swift */; };
		12D3CEA42B51856900F20C2F /* ProgressHUD in Frameworks */ = {isa = PBXBuildFile; productRef = 12D3CEA32B51856900F20C2F /* ProgressHUD */; };
		12D3CEA72B518AE300F20C2F /* UIBlockingProgressHUD.swift in Sources */ = {isa = PBXBuildFile; fileRef = 12D3CEA62B518AE200F20C2F /* UIBlockingProgressHUD.swift */; };
		6F15BE6E2B307EFA004AD6B1 /* AuthConfiguration.swift in Sources */ = {isa = PBXBuildFile; fileRef = 6F15BE6D2B307EFA004AD6B1 /* AuthConfiguration.swift */; };
		6F15BE712B308128004AD6B1 /* AuthViewController.swift in Sources */ = {isa = PBXBuildFile; fileRef = 6F15BE702B308128004AD6B1 /* AuthViewController.swift */; };
		6F6107C62B0FBB40008E9A1B /* Constants.swift in Sources */ = {isa = PBXBuildFile; fileRef = 6F6107C52B0FBB40008E9A1B /* Constants.swift */; };
		6FBEEEA92AF93BC700B27A53 /* AppDelegate.swift in Sources */ = {isa = PBXBuildFile; fileRef = 6FBEEEA82AF93BC700B27A53 /* AppDelegate.swift */; };
		6FBEEEAB2AF93BC700B27A53 /* SceneDelegate.swift in Sources */ = {isa = PBXBuildFile; fileRef = 6FBEEEAA2AF93BC700B27A53 /* SceneDelegate.swift */; };
		6FBEEEAD2AF93BC700B27A53 /* ImagesListViewController.swift in Sources */ = {isa = PBXBuildFile; fileRef = 6FBEEEAC2AF93BC700B27A53 /* ImagesListViewController.swift */; };
		6FBEEEB02AF93BC700B27A53 /* Main.storyboard in Resources */ = {isa = PBXBuildFile; fileRef = 6FBEEEAE2AF93BC700B27A53 /* Main.storyboard */; };
		6FBEEEB22AF93BC800B27A53 /* Assets.xcassets in Resources */ = {isa = PBXBuildFile; fileRef = 6FBEEEB12AF93BC800B27A53 /* Assets.xcassets */; };
		6FBEEEB52AF93BC800B27A53 /* LaunchScreen.storyboard in Resources */ = {isa = PBXBuildFile; fileRef = 6FBEEEB32AF93BC800B27A53 /* LaunchScreen.storyboard */; };
		6FBEEEC02AF93BC800B27A53 /* ImageFeedTests.swift in Sources */ = {isa = PBXBuildFile; fileRef = 6FBEEEBF2AF93BC800B27A53 /* ImageFeedTests.swift */; };
		6FBEEECA2AF93BC900B27A53 /* ImageFeedUITests.swift in Sources */ = {isa = PBXBuildFile; fileRef = 6FBEEEC92AF93BC900B27A53 /* ImageFeedUITests.swift */; };
		6FBEEECC2AF93BC900B27A53 /* ImageFeedUITestsLaunchTests.swift in Sources */ = {isa = PBXBuildFile; fileRef = 6FBEEECB2AF93BC900B27A53 /* ImageFeedUITestsLaunchTests.swift */; };
		6FC9C09E2B026C8000EA51B6 /* FotoCell.swift in Sources */ = {isa = PBXBuildFile; fileRef = 6FC9C09D2B026C8000EA51B6 /* FotoCell.swift */; };
		6FCF7C1B2B1E19CB006DF1FB /* ProfileViewController.swift in Sources */ = {isa = PBXBuildFile; fileRef = 6FCF7C1A2B1E19CB006DF1FB /* ProfileViewController.swift */; };
		6FCF7C1F2B1E3BE2006DF1FB /* SingleImageViewController.swift in Sources */ = {isa = PBXBuildFile; fileRef = 6FCF7C1E2B1E3BE2006DF1FB /* SingleImageViewController.swift */; };
/* End PBXBuildFile section */

/* Begin PBXContainerItemProxy section */
		6FBEEEBC2AF93BC800B27A53 /* PBXContainerItemProxy */ = {
			isa = PBXContainerItemProxy;
			containerPortal = 6FBEEE9D2AF93BC700B27A53 /* Project object */;
			proxyType = 1;
			remoteGlobalIDString = 6FBEEEA42AF93BC700B27A53;
			remoteInfo = ImageFeed;
		};
		6FBEEEC62AF93BC900B27A53 /* PBXContainerItemProxy */ = {
			isa = PBXContainerItemProxy;
			containerPortal = 6FBEEE9D2AF93BC700B27A53 /* Project object */;
			proxyType = 1;
			remoteGlobalIDString = 6FBEEEA42AF93BC700B27A53;
			remoteInfo = ImageFeed;
		};
/* End PBXContainerItemProxy section */

/* Begin PBXFileReference section */
		1201C23C2B5AEDD00015F8D8 /* AlertPresenter.swift */ = {isa = PBXFileReference; lastKnownFileType = sourcecode.swift; path = AlertPresenter.swift; sourceTree = "<group>"; };
		12408B822B20C21500F151F0 /* TabBarController.swift */ = {isa = PBXFileReference; lastKnownFileType = sourcecode.swift; path = TabBarController.swift; sourceTree = "<group>"; };
		124A269D2B56BEB4006EAF9A /* ProfileService.swift */ = {isa = PBXFileReference; lastKnownFileType = sourcecode.swift; path = ProfileService.swift; sourceTree = "<group>"; };
		124A269F2B56C1C1006EAF9A /* ProfileResult.swift */ = {isa = PBXFileReference; lastKnownFileType = sourcecode.swift; path = ProfileResult.swift; sourceTree = "<group>"; };
		124A26A12B56C64E006EAF9A /* Data+PrettyPrint.swift */ = {isa = PBXFileReference; lastKnownFileType = sourcecode.swift; path = "Data+PrettyPrint.swift"; sourceTree = "<group>"; };
		124A26A32B56D6E3006EAF9A /* ProfileImageService.swift */ = {isa = PBXFileReference; lastKnownFileType = sourcecode.swift; path = ProfileImageService.swift; sourceTree = "<group>"; };
		126D384F2B6FE2B200AFF6EB /* Photo.swift */ = {isa = PBXFileReference; lastKnownFileType = sourcecode.swift; path = Photo.swift; sourceTree = "<group>"; };
		127DC37F2B308A470094DCFE /* WebViewViewController.swift */ = {isa = PBXFileReference; lastKnownFileType = sourcecode.swift; path = WebViewViewController.swift; sourceTree = "<group>"; };
		129E97AD2B3D59E500F21833 /* OAuth2Service.swift */ = {isa = PBXFileReference; lastKnownFileType = sourcecode.swift; path = OAuth2Service.swift; sourceTree = "<group>"; };
		129E97B02B3D60CE00F21833 /* AccessToken.swift */ = {isa = PBXFileReference; lastKnownFileType = sourcecode.swift; path = AccessToken.swift; sourceTree = "<group>"; };
		129E97B22B3D612400F21833 /* OAuth2TokenStorage.swift */ = {isa = PBXFileReference; lastKnownFileType = sourcecode.swift; path = OAuth2TokenStorage.swift; sourceTree = "<group>"; };
		129E97B52B3D65F000F21833 /* UIWindow+key.swift */ = {isa = PBXFileReference; lastKnownFileType = sourcecode.swift; path = "UIWindow+key.swift"; sourceTree = "<group>"; };
		129E97B82B3D6A2900F21833 /* SplashViewController.swift */ = {isa = PBXFileReference; lastKnownFileType = sourcecode.swift; path = SplashViewController.swift; sourceTree = "<group>"; };
		12C2009C2B69314F0065EDD9 /* ImagesListService.swift */ = {isa = PBXFileReference; lastKnownFileType = sourcecode.swift; path = ImagesListService.swift; sourceTree = "<group>"; };
		12C225122B728C03007D3F79 /* DateFormatter+Types.swift */ = {isa = PBXFileReference; lastKnownFileType = sourcecode.swift; path = "DateFormatter+Types.swift"; sourceTree = "<group>"; };
		12C225152B74F151007D3F79 /* WebViewPresenter.swift */ = {isa = PBXFileReference; lastKnownFileType = sourcecode.swift; path = WebViewPresenter.swift; sourceTree = "<group>"; };
		12C225182B74FBDA007D3F79 /* AuthHelper.swift */ = {isa = PBXFileReference; lastKnownFileType = sourcecode.swift; path = AuthHelper.swift; sourceTree = "<group>"; };
		12C2251B2B74FFEE007D3F79 /* WebViewTests.swift */ = {isa = PBXFileReference; lastKnownFileType = sourcecode.swift; path = WebViewTests.swift; sourceTree = "<group>"; };
		12C2251D2B750095007D3F79 /* WebViewPresenterSpy.swift */ = {isa = PBXFileReference; lastKnownFileType = sourcecode.swift; path = WebViewPresenterSpy.swift; sourceTree = "<group>"; };
		12C225202B750601007D3F79 /* WebViewControllerSpy.swift */ = {isa = PBXFileReference; lastKnownFileType = sourcecode.swift; path = WebViewControllerSpy.swift; sourceTree = "<group>"; };
		12C225232B751F6A007D3F79 /* ProfilePresenter.swift */ = {isa = PBXFileReference; lastKnownFileType = sourcecode.swift; path = ProfilePresenter.swift; sourceTree = "<group>"; };
		12C225262B75228D007D3F79 /* ProfileTests.swift */ = {isa = PBXFileReference; lastKnownFileType = sourcecode.swift; path = ProfileTests.swift; sourceTree = "<group>"; };
		12C225282B753FB2007D3F79 /* ImagesListPresenter.swift */ = {isa = PBXFileReference; lastKnownFileType = sourcecode.swift; path = ImagesListPresenter.swift; sourceTree = "<group>"; };
		12C2252B2B754450007D3F79 /* ImagesListTests.swift */ = {isa = PBXFileReference; lastKnownFileType = sourcecode.swift; path = ImagesListTests.swift; sourceTree = "<group>"; };
		12D3CEA62B518AE200F20C2F /* UIBlockingProgressHUD.swift */ = {isa = PBXFileReference; lastKnownFileType = sourcecode.swift; path = UIBlockingProgressHUD.swift; sourceTree = "<group>"; };
		6F15BE6D2B307EFA004AD6B1 /* AuthConfiguration.swift */ = {isa = PBXFileReference; lastKnownFileType = sourcecode.swift; path = AuthConfiguration.swift; sourceTree = "<group>"; };
		6F15BE702B308128004AD6B1 /* AuthViewController.swift */ = {isa = PBXFileReference; lastKnownFileType = sourcecode.swift; path = AuthViewController.swift; sourceTree = "<group>"; };
		6F6107C52B0FBB40008E9A1B /* Constants.swift */ = {isa = PBXFileReference; lastKnownFileType = sourcecode.swift; path = Constants.swift; sourceTree = "<group>"; };
		6FBEEEA52AF93BC700B27A53 /* ImageFeed.app */ = {isa = PBXFileReference; explicitFileType = wrapper.application; includeInIndex = 0; path = ImageFeed.app; sourceTree = BUILT_PRODUCTS_DIR; };
		6FBEEEA82AF93BC700B27A53 /* AppDelegate.swift */ = {isa = PBXFileReference; lastKnownFileType = sourcecode.swift; path = AppDelegate.swift; sourceTree = "<group>"; };
		6FBEEEAA2AF93BC700B27A53 /* SceneDelegate.swift */ = {isa = PBXFileReference; lastKnownFileType = sourcecode.swift; path = SceneDelegate.swift; sourceTree = "<group>"; };
		6FBEEEAC2AF93BC700B27A53 /* ImagesListViewController.swift */ = {isa = PBXFileReference; lastKnownFileType = sourcecode.swift; path = ImagesListViewController.swift; sourceTree = "<group>"; };
		6FBEEEAF2AF93BC700B27A53 /* Base */ = {isa = PBXFileReference; lastKnownFileType = file.storyboard; name = Base; path = Base.lproj/Main.storyboard; sourceTree = "<group>"; };
		6FBEEEB12AF93BC800B27A53 /* Assets.xcassets */ = {isa = PBXFileReference; lastKnownFileType = folder.assetcatalog; path = Assets.xcassets; sourceTree = "<group>"; };
		6FBEEEB42AF93BC800B27A53 /* Base */ = {isa = PBXFileReference; lastKnownFileType = file.storyboard; name = Base; path = Base.lproj/LaunchScreen.storyboard; sourceTree = "<group>"; };
		6FBEEEB62AF93BC800B27A53 /* Info.plist */ = {isa = PBXFileReference; lastKnownFileType = text.plist.xml; path = Info.plist; sourceTree = "<group>"; };
		6FBEEEBB2AF93BC800B27A53 /* ImageFeedTests.xctest */ = {isa = PBXFileReference; explicitFileType = wrapper.cfbundle; includeInIndex = 0; path = ImageFeedTests.xctest; sourceTree = BUILT_PRODUCTS_DIR; };
		6FBEEEBF2AF93BC800B27A53 /* ImageFeedTests.swift */ = {isa = PBXFileReference; lastKnownFileType = sourcecode.swift; path = ImageFeedTests.swift; sourceTree = "<group>"; };
		6FBEEEC52AF93BC900B27A53 /* ImageFeedUITests.xctest */ = {isa = PBXFileReference; explicitFileType = wrapper.cfbundle; includeInIndex = 0; path = ImageFeedUITests.xctest; sourceTree = BUILT_PRODUCTS_DIR; };
		6FBEEEC92AF93BC900B27A53 /* ImageFeedUITests.swift */ = {isa = PBXFileReference; lastKnownFileType = sourcecode.swift; path = ImageFeedUITests.swift; sourceTree = "<group>"; };
		6FBEEECB2AF93BC900B27A53 /* ImageFeedUITestsLaunchTests.swift */ = {isa = PBXFileReference; lastKnownFileType = sourcecode.swift; path = ImageFeedUITestsLaunchTests.swift; sourceTree = "<group>"; };
		6FC9C09D2B026C8000EA51B6 /* FotoCell.swift */ = {isa = PBXFileReference; lastKnownFileType = sourcecode.swift; path = FotoCell.swift; sourceTree = "<group>"; };
		6FCF7C1A2B1E19CB006DF1FB /* ProfileViewController.swift */ = {isa = PBXFileReference; lastKnownFileType = sourcecode.swift; path = ProfileViewController.swift; sourceTree = "<group>"; };
		6FCF7C1E2B1E3BE2006DF1FB /* SingleImageViewController.swift */ = {isa = PBXFileReference; lastKnownFileType = sourcecode.swift; path = SingleImageViewController.swift; sourceTree = "<group>"; };
/* End PBXFileReference section */

/* Begin PBXFrameworksBuildPhase section */
		6FBEEEA22AF93BC700B27A53 /* Frameworks */ = {
			isa = PBXFrameworksBuildPhase;
			buildActionMask = 2147483647;
			files = (
				124A26A72B56DB89006EAF9A /* Kingfisher in Frameworks */,
				12D3CEA42B51856900F20C2F /* ProgressHUD in Frameworks */,
				1201C23B2B5AEC0E0015F8D8 /* SwiftKeychainWrapper in Frameworks */,
			);
			runOnlyForDeploymentPostprocessing = 0;
		};
		6FBEEEB82AF93BC800B27A53 /* Frameworks */ = {
			isa = PBXFrameworksBuildPhase;
			buildActionMask = 2147483647;
			files = (
			);
			runOnlyForDeploymentPostprocessing = 0;
		};
		6FBEEEC22AF93BC900B27A53 /* Frameworks */ = {
			isa = PBXFrameworksBuildPhase;
			buildActionMask = 2147483647;
			files = (
			);
			runOnlyForDeploymentPostprocessing = 0;
		};
/* End PBXFrameworksBuildPhase section */

/* Begin PBXGroup section */
		12408B7E2B20BDFB00F151F0 /* ImageList */ = {
			isa = PBXGroup;
			children = (
				6FBEEEAC2AF93BC700B27A53 /* ImagesListViewController.swift */,
				12C225282B753FB2007D3F79 /* ImagesListPresenter.swift */,
				6FC9C09D2B026C8000EA51B6 /* FotoCell.swift */,
			);
			path = ImageList;
			sourceTree = "<group>";
		};
		12408B7F2B20BE0300F151F0 /* Profile */ = {
			isa = PBXGroup;
			children = (
				6FCF7C1A2B1E19CB006DF1FB /* ProfileViewController.swift */,
				12C225232B751F6A007D3F79 /* ProfilePresenter.swift */,
			);
			path = Profile;
			sourceTree = "<group>";
		};
		12408B802B20BE0A00F151F0 /* TabBar */ = {
			isa = PBXGroup;
			children = (
				12408B822B20C21500F151F0 /* TabBarController.swift */,
			);
			path = TabBar;
			sourceTree = "<group>";
		};
		12408B812B20BE1500F151F0 /* SingleImage */ = {
			isa = PBXGroup;
			children = (
				6FCF7C1E2B1E3BE2006DF1FB /* SingleImageViewController.swift */,
			);
			path = SingleImage;
			sourceTree = "<group>";
		};
		129E97AB2B3D59B400F21833 /* Services */ = {
			isa = PBXGroup;
			children = (
				12C2009C2B69314F0065EDD9 /* ImagesListService.swift */,
				124A269D2B56BEB4006EAF9A /* ProfileService.swift */,
				124A26A32B56D6E3006EAF9A /* ProfileImageService.swift */,
				129E97AD2B3D59E500F21833 /* OAuth2Service.swift */,
				129E97B22B3D612400F21833 /* OAuth2TokenStorage.swift */,
			);
			path = Services;
			sourceTree = "<group>";
		};
		129E97AC2B3D59CA00F21833 /* Resources */ = {
			isa = PBXGroup;
			children = (
				6FBEEEAE2AF93BC700B27A53 /* Main.storyboard */,
				6F6107C52B0FBB40008E9A1B /* Constants.swift */,
				6FBEEEB12AF93BC800B27A53 /* Assets.xcassets */,
				6FBEEEB32AF93BC800B27A53 /* LaunchScreen.storyboard */,
			);
			path = Resources;
			sourceTree = "<group>";
		};
		129E97AF2B3D60C000F21833 /* Models */ = {
			isa = PBXGroup;
			children = (
				129E97B02B3D60CE00F21833 /* AccessToken.swift */,
				124A269F2B56C1C1006EAF9A /* ProfileResult.swift */,
				126D384F2B6FE2B200AFF6EB /* Photo.swift */,
			);
			path = Models;
			sourceTree = "<group>";
		};
		129E97B42B3D65D700F21833 /* Extensions */ = {
			isa = PBXGroup;
			children = (
				129E97B52B3D65F000F21833 /* UIWindow+key.swift */,
				124A26A12B56C64E006EAF9A /* Data+PrettyPrint.swift */,
				12C225122B728C03007D3F79 /* DateFormatter+Types.swift */,
			);
			path = Extensions;
			sourceTree = "<group>";
		};
		129E97B72B3D6A0300F21833 /* Splash */ = {
			isa = PBXGroup;
			children = (
				129E97B82B3D6A2900F21833 /* SplashViewController.swift */,
			);
			path = Splash;
			sourceTree = "<group>";
		};
		12C225142B74F129007D3F79 /* WebView */ = {
			isa = PBXGroup;
			children = (
				127DC37F2B308A470094DCFE /* WebViewViewController.swift */,
				12C225152B74F151007D3F79 /* WebViewPresenter.swift */,
			);
			path = WebView;
			sourceTree = "<group>";
		};
		12C225172B74FBC9007D3F79 /* Auth */ = {
			isa = PBXGroup;
			children = (
				6F15BE702B308128004AD6B1 /* AuthViewController.swift */,
			);
			path = Auth;
			sourceTree = "<group>";
		};
		12C2251A2B74FFCA007D3F79 /* WebViewTests */ = {
			isa = PBXGroup;
			children = (
				12C2251B2B74FFEE007D3F79 /* WebViewTests.swift */,
				12C2251F2B7505EB007D3F79 /* Mocks */,
			);
			path = WebViewTests;
			sourceTree = "<group>";
		};
		12C2251F2B7505EB007D3F79 /* Mocks */ = {
			isa = PBXGroup;
			children = (
				12C2251D2B750095007D3F79 /* WebViewPresenterSpy.swift */,
				12C225202B750601007D3F79 /* WebViewControllerSpy.swift */,
			);
			path = Mocks;
			sourceTree = "<group>";
		};
		12C225252B752269007D3F79 /* ProfileTests */ = {
			isa = PBXGroup;
			children = (
				12C225262B75228D007D3F79 /* ProfileTests.swift */,
			);
			path = ProfileTests;
			sourceTree = "<group>";
		};
		12C2252A2B754433007D3F79 /* ImagesListTests */ = {
			isa = PBXGroup;
			children = (
				12C2252B2B754450007D3F79 /* ImagesListTests.swift */,
			);
			path = ImagesListTests;
			sourceTree = "<group>";
		};
		12D3CEA52B518AC800F20C2F /* Components */ = {
			isa = PBXGroup;
			children = (
				1201C23C2B5AEDD00015F8D8 /* AlertPresenter.swift */,
				12D3CEA62B518AE200F20C2F /* UIBlockingProgressHUD.swift */,
			);
			path = Components;
			sourceTree = "<group>";
		};
		6F15BE6F2B3080FE004AD6B1 /* Auth */ = {
			isa = PBXGroup;
			children = (
				6F15BE6D2B307EFA004AD6B1 /* AuthConfiguration.swift */,
				12C225182B74FBDA007D3F79 /* AuthHelper.swift */,
				12C225172B74FBC9007D3F79 /* Auth */,
				12C225142B74F129007D3F79 /* WebView */,
			);
			path = Auth;
			sourceTree = "<group>";
		};
		6FBEEE9C2AF93BC700B27A53 = {
			isa = PBXGroup;
			children = (
				6FBEEEA72AF93BC700B27A53 /* ImageFeed */,
				6FBEEEBE2AF93BC800B27A53 /* ImageFeedTests */,
				6FBEEEC82AF93BC900B27A53 /* ImageFeedUITests */,
				6FBEEEA62AF93BC700B27A53 /* Products */,
			);
			sourceTree = "<group>";
		};
		6FBEEEA62AF93BC700B27A53 /* Products */ = {
			isa = PBXGroup;
			children = (
				6FBEEEA52AF93BC700B27A53 /* ImageFeed.app */,
				6FBEEEBB2AF93BC800B27A53 /* ImageFeedTests.xctest */,
				6FBEEEC52AF93BC900B27A53 /* ImageFeedUITests.xctest */,
			);
			name = Products;
			sourceTree = "<group>";
		};
		6FBEEEA72AF93BC700B27A53 /* ImageFeed */ = {
			isa = PBXGroup;
			children = (
				6FC9C09F2B0CF0AF00EA51B6 /* App */,
				6FC9C0A02B0CF0C600EA51B6 /* Modules */,
				12D3CEA52B518AC800F20C2F /* Components */,
				129E97AF2B3D60C000F21833 /* Models */,
				129E97AB2B3D59B400F21833 /* Services */,
				129E97B42B3D65D700F21833 /* Extensions */,
				129E97AC2B3D59CA00F21833 /* Resources */,
				6FBEEEB62AF93BC800B27A53 /* Info.plist */,
			);
			path = ImageFeed;
			sourceTree = "<group>";
		};
		6FBEEEBE2AF93BC800B27A53 /* ImageFeedTests */ = {
			isa = PBXGroup;
			children = (
				12C2252A2B754433007D3F79 /* ImagesListTests */,
				12C225252B752269007D3F79 /* ProfileTests */,
				12C2251A2B74FFCA007D3F79 /* WebViewTests */,
				6FBEEEBF2AF93BC800B27A53 /* ImageFeedTests.swift */,
			);
			path = ImageFeedTests;
			sourceTree = "<group>";
		};
		6FBEEEC82AF93BC900B27A53 /* ImageFeedUITests */ = {
			isa = PBXGroup;
			children = (
				6FBEEEC92AF93BC900B27A53 /* ImageFeedUITests.swift */,
				6FBEEECB2AF93BC900B27A53 /* ImageFeedUITestsLaunchTests.swift */,
			);
			path = ImageFeedUITests;
			sourceTree = "<group>";
		};
		6FC9C09F2B0CF0AF00EA51B6 /* App */ = {
			isa = PBXGroup;
			children = (
				6FBEEEA82AF93BC700B27A53 /* AppDelegate.swift */,
				6FBEEEAA2AF93BC700B27A53 /* SceneDelegate.swift */,
			);
			path = App;
			sourceTree = "<group>";
		};
		6FC9C0A02B0CF0C600EA51B6 /* Modules */ = {
			isa = PBXGroup;
			children = (
				129E97B72B3D6A0300F21833 /* Splash */,
				6F15BE6F2B3080FE004AD6B1 /* Auth */,
				12408B802B20BE0A00F151F0 /* TabBar */,
				12408B7E2B20BDFB00F151F0 /* ImageList */,
				12408B7F2B20BE0300F151F0 /* Profile */,
				12408B812B20BE1500F151F0 /* SingleImage */,
			);
			path = Modules;
			sourceTree = "<group>";
		};
/* End PBXGroup section */

/* Begin PBXNativeTarget section */
		6FBEEEA42AF93BC700B27A53 /* ImageFeed */ = {
			isa = PBXNativeTarget;
			buildConfigurationList = 6FBEEECF2AF93BC900B27A53 /* Build configuration list for PBXNativeTarget "ImageFeed" */;
			buildPhases = (
				6FBEEEA12AF93BC700B27A53 /* Sources */,
				6FBEEEA22AF93BC700B27A53 /* Frameworks */,
				6FBEEEA32AF93BC700B27A53 /* Resources */,
			);
			buildRules = (
			);
			dependencies = (
			);
			name = ImageFeed;
			packageProductDependencies = (
				12D3CEA32B51856900F20C2F /* ProgressHUD */,
				124A26A62B56DB89006EAF9A /* Kingfisher */,
				1201C23A2B5AEC0E0015F8D8 /* SwiftKeychainWrapper */,
			);
			productName = ImageFeed;
			productReference = 6FBEEEA52AF93BC700B27A53 /* ImageFeed.app */;
			productType = "com.apple.product-type.application";
		};
		6FBEEEBA2AF93BC800B27A53 /* ImageFeedTests */ = {
			isa = PBXNativeTarget;
			buildConfigurationList = 6FBEEED22AF93BC900B27A53 /* Build configuration list for PBXNativeTarget "ImageFeedTests" */;
			buildPhases = (
				6FBEEEB72AF93BC800B27A53 /* Sources */,
				6FBEEEB82AF93BC800B27A53 /* Frameworks */,
				6FBEEEB92AF93BC800B27A53 /* Resources */,
			);
			buildRules = (
			);
			dependencies = (
				6FBEEEBD2AF93BC800B27A53 /* PBXTargetDependency */,
			);
			name = ImageFeedTests;
			productName = ImageFeedTests;
			productReference = 6FBEEEBB2AF93BC800B27A53 /* ImageFeedTests.xctest */;
			productType = "com.apple.product-type.bundle.unit-test";
		};
		6FBEEEC42AF93BC900B27A53 /* ImageFeedUITests */ = {
			isa = PBXNativeTarget;
			buildConfigurationList = 6FBEEED52AF93BC900B27A53 /* Build configuration list for PBXNativeTarget "ImageFeedUITests" */;
			buildPhases = (
				6FBEEEC12AF93BC900B27A53 /* Sources */,
				6FBEEEC22AF93BC900B27A53 /* Frameworks */,
				6FBEEEC32AF93BC900B27A53 /* Resources */,
			);
			buildRules = (
			);
			dependencies = (
				6FBEEEC72AF93BC900B27A53 /* PBXTargetDependency */,
			);
			name = ImageFeedUITests;
			productName = ImageFeedUITests;
			productReference = 6FBEEEC52AF93BC900B27A53 /* ImageFeedUITests.xctest */;
			productType = "com.apple.product-type.bundle.ui-testing";
		};
/* End PBXNativeTarget section */

/* Begin PBXProject section */
		6FBEEE9D2AF93BC700B27A53 /* Project object */ = {
			isa = PBXProject;
			attributes = {
				BuildIndependentTargetsInParallel = 1;
				LastSwiftUpdateCheck = 1500;
				LastUpgradeCheck = 1500;
				TargetAttributes = {
					6FBEEEA42AF93BC700B27A53 = {
						CreatedOnToolsVersion = 15.0;
					};
					6FBEEEBA2AF93BC800B27A53 = {
						CreatedOnToolsVersion = 15.0;
						TestTargetID = 6FBEEEA42AF93BC700B27A53;
					};
					6FBEEEC42AF93BC900B27A53 = {
						CreatedOnToolsVersion = 15.0;
						TestTargetID = 6FBEEEA42AF93BC700B27A53;
					};
				};
			};
			buildConfigurationList = 6FBEEEA02AF93BC700B27A53 /* Build configuration list for PBXProject "ImageFeed" */;
			compatibilityVersion = "Xcode 14.0";
			developmentRegion = en;
			hasScannedForEncodings = 0;
			knownRegions = (
				en,
				Base,
			);
			mainGroup = 6FBEEE9C2AF93BC700B27A53;
			packageReferences = (
				12D3CEA22B51856900F20C2F /* XCRemoteSwiftPackageReference "ProgressHUD" */,
				124A26A52B56DB89006EAF9A /* XCRemoteSwiftPackageReference "Kingfisher" */,
				1201C2392B5AEC0E0015F8D8 /* XCRemoteSwiftPackageReference "SwiftKeychainWrapper" */,
			);
			productRefGroup = 6FBEEEA62AF93BC700B27A53 /* Products */;
			projectDirPath = "";
			projectRoot = "";
			targets = (
				6FBEEEA42AF93BC700B27A53 /* ImageFeed */,
				6FBEEEBA2AF93BC800B27A53 /* ImageFeedTests */,
				6FBEEEC42AF93BC900B27A53 /* ImageFeedUITests */,
			);
		};
/* End PBXProject section */

/* Begin PBXResourcesBuildPhase section */
		6FBEEEA32AF93BC700B27A53 /* Resources */ = {
			isa = PBXResourcesBuildPhase;
			buildActionMask = 2147483647;
			files = (
				6FBEEEB52AF93BC800B27A53 /* LaunchScreen.storyboard in Resources */,
				6FBEEEB22AF93BC800B27A53 /* Assets.xcassets in Resources */,
				6FBEEEB02AF93BC700B27A53 /* Main.storyboard in Resources */,
			);
			runOnlyForDeploymentPostprocessing = 0;
		};
		6FBEEEB92AF93BC800B27A53 /* Resources */ = {
			isa = PBXResourcesBuildPhase;
			buildActionMask = 2147483647;
			files = (
			);
			runOnlyForDeploymentPostprocessing = 0;
		};
		6FBEEEC32AF93BC900B27A53 /* Resources */ = {
			isa = PBXResourcesBuildPhase;
			buildActionMask = 2147483647;
			files = (
			);
			runOnlyForDeploymentPostprocessing = 0;
		};
/* End PBXResourcesBuildPhase section */

/* Begin PBXSourcesBuildPhase section */
		6FBEEEA12AF93BC700B27A53 /* Sources */ = {
			isa = PBXSourcesBuildPhase;
			buildActionMask = 2147483647;
			files = (
				12C225162B74F151007D3F79 /* WebViewPresenter.swift in Sources */,
				126D38502B6FE2B200AFF6EB /* Photo.swift in Sources */,
				129E97B62B3D65F000F21833 /* UIWindow+key.swift in Sources */,
				12C2009D2B69314F0065EDD9 /* ImagesListService.swift in Sources */,
				1201C23D2B5AEDD00015F8D8 /* AlertPresenter.swift in Sources */,
				12C225292B753FB3007D3F79 /* ImagesListPresenter.swift in Sources */,
				12408B832B20C21500F151F0 /* TabBarController.swift in Sources */,
				124A26A02B56C1C1006EAF9A /* ProfileResult.swift in Sources */,
				124A26A22B56C64E006EAF9A /* Data+PrettyPrint.swift in Sources */,
				12C225192B74FBDA007D3F79 /* AuthHelper.swift in Sources */,
				129E97B12B3D60CE00F21833 /* AccessToken.swift in Sources */,
				12C225242B751F6A007D3F79 /* ProfilePresenter.swift in Sources */,
				127DC3802B308A470094DCFE /* WebViewViewController.swift in Sources */,
				129E97AE2B3D59E500F21833 /* OAuth2Service.swift in Sources */,
				6FCF7C1B2B1E19CB006DF1FB /* ProfileViewController.swift in Sources */,
				6F15BE712B308128004AD6B1 /* AuthViewController.swift in Sources */,
				129E97B32B3D612400F21833 /* OAuth2TokenStorage.swift in Sources */,
				6F6107C62B0FBB40008E9A1B /* Constants.swift in Sources */,
				12C225132B728C03007D3F79 /* DateFormatter+Types.swift in Sources */,
				6FBEEEAD2AF93BC700B27A53 /* ImagesListViewController.swift in Sources */,
				6FC9C09E2B026C8000EA51B6 /* FotoCell.swift in Sources */,
				124A269E2B56BEB4006EAF9A /* ProfileService.swift in Sources */,
				6F15BE6E2B307EFA004AD6B1 /* AuthConfiguration.swift in Sources */,
				124A26A42B56D6E4006EAF9A /* ProfileImageService.swift in Sources */,
				6FBEEEA92AF93BC700B27A53 /* AppDelegate.swift in Sources */,
				6FCF7C1F2B1E3BE2006DF1FB /* SingleImageViewController.swift in Sources */,
				6FBEEEAB2AF93BC700B27A53 /* SceneDelegate.swift in Sources */,
				129E97B92B3D6A2900F21833 /* SplashViewController.swift in Sources */,
				12D3CEA72B518AE300F20C2F /* UIBlockingProgressHUD.swift in Sources */,
			);
			runOnlyForDeploymentPostprocessing = 0;
		};
		6FBEEEB72AF93BC800B27A53 /* Sources */ = {
			isa = PBXSourcesBuildPhase;
			buildActionMask = 2147483647;
			files = (
				6FBEEEC02AF93BC800B27A53 /* ImageFeedTests.swift in Sources */,
				12C2251C2B74FFEE007D3F79 /* WebViewTests.swift in Sources */,
				12C225212B750601007D3F79 /* WebViewControllerSpy.swift in Sources */,
				12C2252C2B754450007D3F79 /* ImagesListTests.swift in Sources */,
				12C2251E2B750095007D3F79 /* WebViewPresenterSpy.swift in Sources */,
				12C225272B75228E007D3F79 /* ProfileTests.swift in Sources */,
			);
			runOnlyForDeploymentPostprocessing = 0;
		};
		6FBEEEC12AF93BC900B27A53 /* Sources */ = {
			isa = PBXSourcesBuildPhase;
			buildActionMask = 2147483647;
			files = (
				6FBEEECC2AF93BC900B27A53 /* ImageFeedUITestsLaunchTests.swift in Sources */,
				6FBEEECA2AF93BC900B27A53 /* ImageFeedUITests.swift in Sources */,
			);
			runOnlyForDeploymentPostprocessing = 0;
		};
/* End PBXSourcesBuildPhase section */

/* Begin PBXTargetDependency section */
		6FBEEEBD2AF93BC800B27A53 /* PBXTargetDependency */ = {
			isa = PBXTargetDependency;
			target = 6FBEEEA42AF93BC700B27A53 /* ImageFeed */;
			targetProxy = 6FBEEEBC2AF93BC800B27A53 /* PBXContainerItemProxy */;
		};
		6FBEEEC72AF93BC900B27A53 /* PBXTargetDependency */ = {
			isa = PBXTargetDependency;
			target = 6FBEEEA42AF93BC700B27A53 /* ImageFeed */;
			targetProxy = 6FBEEEC62AF93BC900B27A53 /* PBXContainerItemProxy */;
		};
/* End PBXTargetDependency section */

/* Begin PBXVariantGroup section */
		6FBEEEAE2AF93BC700B27A53 /* Main.storyboard */ = {
			isa = PBXVariantGroup;
			children = (
				6FBEEEAF2AF93BC700B27A53 /* Base */,
			);
			name = Main.storyboard;
			sourceTree = "<group>";
		};
		6FBEEEB32AF93BC800B27A53 /* LaunchScreen.storyboard */ = {
			isa = PBXVariantGroup;
			children = (
				6FBEEEB42AF93BC800B27A53 /* Base */,
			);
			name = LaunchScreen.storyboard;
			sourceTree = "<group>";
		};
/* End PBXVariantGroup section */

/* Begin XCBuildConfiguration section */
		6FBEEECD2AF93BC900B27A53 /* Debug */ = {
			isa = XCBuildConfiguration;
			buildSettings = {
				ALWAYS_SEARCH_USER_PATHS = NO;
				ASSETCATALOG_COMPILER_GENERATE_SWIFT_ASSET_SYMBOL_EXTENSIONS = YES;
				CLANG_ANALYZER_NONNULL = YES;
				CLANG_ANALYZER_NUMBER_OBJECT_CONVERSION = YES_AGGRESSIVE;
				CLANG_CXX_LANGUAGE_STANDARD = "gnu++20";
				CLANG_ENABLE_MODULES = YES;
				CLANG_ENABLE_OBJC_ARC = YES;
				CLANG_ENABLE_OBJC_WEAK = YES;
				CLANG_WARN_BLOCK_CAPTURE_AUTORELEASING = YES;
				CLANG_WARN_BOOL_CONVERSION = YES;
				CLANG_WARN_COMMA = YES;
				CLANG_WARN_CONSTANT_CONVERSION = YES;
				CLANG_WARN_DEPRECATED_OBJC_IMPLEMENTATIONS = YES;
				CLANG_WARN_DIRECT_OBJC_ISA_USAGE = YES_ERROR;
				CLANG_WARN_DOCUMENTATION_COMMENTS = YES;
				CLANG_WARN_EMPTY_BODY = YES;
				CLANG_WARN_ENUM_CONVERSION = YES;
				CLANG_WARN_INFINITE_RECURSION = YES;
				CLANG_WARN_INT_CONVERSION = YES;
				CLANG_WARN_NON_LITERAL_NULL_CONVERSION = YES;
				CLANG_WARN_OBJC_IMPLICIT_RETAIN_SELF = YES;
				CLANG_WARN_OBJC_LITERAL_CONVERSION = YES;
				CLANG_WARN_OBJC_ROOT_CLASS = YES_ERROR;
				CLANG_WARN_QUOTED_INCLUDE_IN_FRAMEWORK_HEADER = YES;
				CLANG_WARN_RANGE_LOOP_ANALYSIS = YES;
				CLANG_WARN_STRICT_PROTOTYPES = YES;
				CLANG_WARN_SUSPICIOUS_MOVE = YES;
				CLANG_WARN_UNGUARDED_AVAILABILITY = YES_AGGRESSIVE;
				CLANG_WARN_UNREACHABLE_CODE = YES;
				CLANG_WARN__DUPLICATE_METHOD_MATCH = YES;
				COPY_PHASE_STRIP = NO;
				DEBUG_INFORMATION_FORMAT = dwarf;
				ENABLE_STRICT_OBJC_MSGSEND = YES;
				ENABLE_TESTABILITY = YES;
				ENABLE_USER_SCRIPT_SANDBOXING = YES;
				GCC_C_LANGUAGE_STANDARD = gnu17;
				GCC_DYNAMIC_NO_PIC = NO;
				GCC_NO_COMMON_BLOCKS = YES;
				GCC_OPTIMIZATION_LEVEL = 0;
				GCC_PREPROCESSOR_DEFINITIONS = (
					"DEBUG=1",
					"$(inherited)",
				);
				GCC_WARN_64_TO_32_BIT_CONVERSION = YES;
				GCC_WARN_ABOUT_RETURN_TYPE = YES_ERROR;
				GCC_WARN_UNDECLARED_SELECTOR = YES;
				GCC_WARN_UNINITIALIZED_AUTOS = YES_AGGRESSIVE;
				GCC_WARN_UNUSED_FUNCTION = YES;
				GCC_WARN_UNUSED_VARIABLE = YES;
				IPHONEOS_DEPLOYMENT_TARGET = 13.0;
				LOCALIZATION_PREFERS_STRING_CATALOGS = YES;
				MTL_ENABLE_DEBUG_INFO = INCLUDE_SOURCE;
				MTL_FAST_MATH = YES;
				ONLY_ACTIVE_ARCH = YES;
				SDKROOT = iphoneos;
				SWIFT_ACTIVE_COMPILATION_CONDITIONS = "DEBUG $(inherited)";
				SWIFT_OPTIMIZATION_LEVEL = "-Onone";
			};
			name = Debug;
		};
		6FBEEECE2AF93BC900B27A53 /* Release */ = {
			isa = XCBuildConfiguration;
			buildSettings = {
				ALWAYS_SEARCH_USER_PATHS = NO;
				ASSETCATALOG_COMPILER_GENERATE_SWIFT_ASSET_SYMBOL_EXTENSIONS = YES;
				CLANG_ANALYZER_NONNULL = YES;
				CLANG_ANALYZER_NUMBER_OBJECT_CONVERSION = YES_AGGRESSIVE;
				CLANG_CXX_LANGUAGE_STANDARD = "gnu++20";
				CLANG_ENABLE_MODULES = YES;
				CLANG_ENABLE_OBJC_ARC = YES;
				CLANG_ENABLE_OBJC_WEAK = YES;
				CLANG_WARN_BLOCK_CAPTURE_AUTORELEASING = YES;
				CLANG_WARN_BOOL_CONVERSION = YES;
				CLANG_WARN_COMMA = YES;
				CLANG_WARN_CONSTANT_CONVERSION = YES;
				CLANG_WARN_DEPRECATED_OBJC_IMPLEMENTATIONS = YES;
				CLANG_WARN_DIRECT_OBJC_ISA_USAGE = YES_ERROR;
				CLANG_WARN_DOCUMENTATION_COMMENTS = YES;
				CLANG_WARN_EMPTY_BODY = YES;
				CLANG_WARN_ENUM_CONVERSION = YES;
				CLANG_WARN_INFINITE_RECURSION = YES;
				CLANG_WARN_INT_CONVERSION = YES;
				CLANG_WARN_NON_LITERAL_NULL_CONVERSION = YES;
				CLANG_WARN_OBJC_IMPLICIT_RETAIN_SELF = YES;
				CLANG_WARN_OBJC_LITERAL_CONVERSION = YES;
				CLANG_WARN_OBJC_ROOT_CLASS = YES_ERROR;
				CLANG_WARN_QUOTED_INCLUDE_IN_FRAMEWORK_HEADER = YES;
				CLANG_WARN_RANGE_LOOP_ANALYSIS = YES;
				CLANG_WARN_STRICT_PROTOTYPES = YES;
				CLANG_WARN_SUSPICIOUS_MOVE = YES;
				CLANG_WARN_UNGUARDED_AVAILABILITY = YES_AGGRESSIVE;
				CLANG_WARN_UNREACHABLE_CODE = YES;
				CLANG_WARN__DUPLICATE_METHOD_MATCH = YES;
				COPY_PHASE_STRIP = NO;
				DEBUG_INFORMATION_FORMAT = "dwarf-with-dsym";
				ENABLE_NS_ASSERTIONS = NO;
				ENABLE_STRICT_OBJC_MSGSEND = YES;
				ENABLE_USER_SCRIPT_SANDBOXING = YES;
				GCC_C_LANGUAGE_STANDARD = gnu17;
				GCC_NO_COMMON_BLOCKS = YES;
				GCC_WARN_64_TO_32_BIT_CONVERSION = YES;
				GCC_WARN_ABOUT_RETURN_TYPE = YES_ERROR;
				GCC_WARN_UNDECLARED_SELECTOR = YES;
				GCC_WARN_UNINITIALIZED_AUTOS = YES_AGGRESSIVE;
				GCC_WARN_UNUSED_FUNCTION = YES;
				GCC_WARN_UNUSED_VARIABLE = YES;
				IPHONEOS_DEPLOYMENT_TARGET = 13.0;
				LOCALIZATION_PREFERS_STRING_CATALOGS = YES;
				MTL_ENABLE_DEBUG_INFO = NO;
				MTL_FAST_MATH = YES;
				SDKROOT = iphoneos;
				SWIFT_COMPILATION_MODE = wholemodule;
				VALIDATE_PRODUCT = YES;
			};
			name = Release;
		};
		6FBEEED02AF93BC900B27A53 /* Debug */ = {
			isa = XCBuildConfiguration;
			buildSettings = {
				ASSETCATALOG_COMPILER_APPICON_NAME = AppIcon;
				ASSETCATALOG_COMPILER_GLOBAL_ACCENT_COLOR_NAME = AccentColor;
				CODE_SIGN_STYLE = Automatic;
				CURRENT_PROJECT_VERSION = 1;
				DEVELOPMENT_TEAM = C4Q5M37725;
				GENERATE_INFOPLIST_FILE = YES;
				INFOPLIST_FILE = ImageFeed/Info.plist;
				INFOPLIST_KEY_UIApplicationSupportsIndirectInputEvents = YES;
				INFOPLIST_KEY_UILaunchStoryboardName = LaunchScreen;
				INFOPLIST_KEY_UIMainStoryboardFile = Main;
				INFOPLIST_KEY_UIStatusBarStyle = "";
				INFOPLIST_KEY_UISupportedInterfaceOrientations = UIInterfaceOrientationPortrait;
				INFOPLIST_KEY_UISupportedInterfaceOrientations_iPad = "UIInterfaceOrientationLandscapeLeft UIInterfaceOrientationLandscapeRight UIInterfaceOrientationPortrait UIInterfaceOrientationPortraitUpsideDown";
				IPHONEOS_DEPLOYMENT_TARGET = 13.0;
				LD_RUNPATH_SEARCH_PATHS = (
					"$(inherited)",
					"@executable_path/Frameworks",
				);
				MARKETING_VERSION = 1.0;
				PRODUCT_BUNDLE_IDENTIFIER = ru.yandex.practicum.ImageFeed;
				PRODUCT_NAME = "$(TARGET_NAME)";
				SUPPORTED_PLATFORMS = "iphoneos iphonesimulator";
				SUPPORTS_MACCATALYST = NO;
				SUPPORTS_MAC_DESIGNED_FOR_IPHONE_IPAD = NO;
				SWIFT_EMIT_LOC_STRINGS = YES;
				SWIFT_VERSION = 5.0;
				TARGETED_DEVICE_FAMILY = 1;
			};
			name = Debug;
		};
		6FBEEED12AF93BC900B27A53 /* Release */ = {
			isa = XCBuildConfiguration;
			buildSettings = {
				ASSETCATALOG_COMPILER_APPICON_NAME = AppIcon;
				ASSETCATALOG_COMPILER_GLOBAL_ACCENT_COLOR_NAME = AccentColor;
				CODE_SIGN_STYLE = Automatic;
				CURRENT_PROJECT_VERSION = 1;
				DEVELOPMENT_TEAM = C4Q5M37725;
				GENERATE_INFOPLIST_FILE = YES;
				INFOPLIST_FILE = ImageFeed/Info.plist;
				INFOPLIST_KEY_UIApplicationSupportsIndirectInputEvents = YES;
				INFOPLIST_KEY_UILaunchStoryboardName = LaunchScreen;
				INFOPLIST_KEY_UIMainStoryboardFile = Main;
				INFOPLIST_KEY_UIStatusBarStyle = "";
				INFOPLIST_KEY_UISupportedInterfaceOrientations = UIInterfaceOrientationPortrait;
				INFOPLIST_KEY_UISupportedInterfaceOrientations_iPad = "UIInterfaceOrientationLandscapeLeft UIInterfaceOrientationLandscapeRight UIInterfaceOrientationPortrait UIInterfaceOrientationPortraitUpsideDown";
				IPHONEOS_DEPLOYMENT_TARGET = 13.0;
				LD_RUNPATH_SEARCH_PATHS = (
					"$(inherited)",
					"@executable_path/Frameworks",
				);
				MARKETING_VERSION = 1.0;
				PRODUCT_BUNDLE_IDENTIFIER = ru.yandex.practicum.ImageFeed;
				PRODUCT_NAME = "$(TARGET_NAME)";
				SUPPORTED_PLATFORMS = "iphoneos iphonesimulator";
				SUPPORTS_MACCATALYST = NO;
				SUPPORTS_MAC_DESIGNED_FOR_IPHONE_IPAD = NO;
				SWIFT_EMIT_LOC_STRINGS = YES;
				SWIFT_VERSION = 5.0;
				TARGETED_DEVICE_FAMILY = 1;
			};
			name = Release;
		};
		6FBEEED32AF93BC900B27A53 /* Debug */ = {
			isa = XCBuildConfiguration;
			buildSettings = {
				ALWAYS_EMBED_SWIFT_STANDARD_LIBRARIES = YES;
				BUNDLE_LOADER = "$(TEST_HOST)";
				CODE_SIGN_STYLE = Automatic;
				CURRENT_PROJECT_VERSION = 1;
				DEVELOPMENT_TEAM = C4Q5M37725;
				GENERATE_INFOPLIST_FILE = YES;
				IPHONEOS_DEPLOYMENT_TARGET = 13.0;
				MARKETING_VERSION = 1.0;
				PRODUCT_BUNDLE_IDENTIFIER = ru.yandex.practicum.ImageFeedTests;
				PRODUCT_NAME = "$(TARGET_NAME)";
				SWIFT_EMIT_LOC_STRINGS = NO;
				SWIFT_VERSION = 5.0;
				TARGETED_DEVICE_FAMILY = "1,2";
				TEST_HOST = "$(BUILT_PRODUCTS_DIR)/ImageFeed.app/$(BUNDLE_EXECUTABLE_FOLDER_PATH)/ImageFeed";
			};
			name = Debug;
		};
		6FBEEED42AF93BC900B27A53 /* Release */ = {
			isa = XCBuildConfiguration;
			buildSettings = {
				ALWAYS_EMBED_SWIFT_STANDARD_LIBRARIES = YES;
				BUNDLE_LOADER = "$(TEST_HOST)";
				CODE_SIGN_STYLE = Automatic;
				CURRENT_PROJECT_VERSION = 1;
				DEVELOPMENT_TEAM = C4Q5M37725;
				GENERATE_INFOPLIST_FILE = YES;
				IPHONEOS_DEPLOYMENT_TARGET = 13.0;
				MARKETING_VERSION = 1.0;
				PRODUCT_BUNDLE_IDENTIFIER = ru.yandex.practicum.ImageFeedTests;
				PRODUCT_NAME = "$(TARGET_NAME)";
				SWIFT_EMIT_LOC_STRINGS = NO;
				SWIFT_VERSION = 5.0;
				TARGETED_DEVICE_FAMILY = "1,2";
				TEST_HOST = "$(BUILT_PRODUCTS_DIR)/ImageFeed.app/$(BUNDLE_EXECUTABLE_FOLDER_PATH)/ImageFeed";
			};
			name = Release;
		};
		6FBEEED62AF93BC900B27A53 /* Debug */ = {
			isa = XCBuildConfiguration;
			buildSettings = {
				ALWAYS_EMBED_SWIFT_STANDARD_LIBRARIES = YES;
				CODE_SIGN_STYLE = Automatic;
				CURRENT_PROJECT_VERSION = 1;
				DEVELOPMENT_TEAM = C4Q5M37725;
				GENERATE_INFOPLIST_FILE = YES;
				MARKETING_VERSION = 1.0;
				PRODUCT_BUNDLE_IDENTIFIER = ru.yandex.practicum.ImageFeedUITests;
				PRODUCT_NAME = "$(TARGET_NAME)";
				SWIFT_EMIT_LOC_STRINGS = NO;
				SWIFT_VERSION = 5.0;
				TARGETED_DEVICE_FAMILY = "1,2";
				TEST_TARGET_NAME = ImageFeed;
			};
			name = Debug;
		};
		6FBEEED72AF93BC900B27A53 /* Release */ = {
			isa = XCBuildConfiguration;
			buildSettings = {
				ALWAYS_EMBED_SWIFT_STANDARD_LIBRARIES = YES;
				CODE_SIGN_STYLE = Automatic;
				CURRENT_PROJECT_VERSION = 1;
				DEVELOPMENT_TEAM = C4Q5M37725;
				GENERATE_INFOPLIST_FILE = YES;
				MARKETING_VERSION = 1.0;
				PRODUCT_BUNDLE_IDENTIFIER = ru.yandex.practicum.ImageFeedUITests;
				PRODUCT_NAME = "$(TARGET_NAME)";
				SWIFT_EMIT_LOC_STRINGS = NO;
				SWIFT_VERSION = 5.0;
				TARGETED_DEVICE_FAMILY = "1,2";
				TEST_TARGET_NAME = ImageFeed;
			};
			name = Release;
		};
/* End XCBuildConfiguration section */

/* Begin XCConfigurationList section */
		6FBEEEA02AF93BC700B27A53 /* Build configuration list for PBXProject "ImageFeed" */ = {
			isa = XCConfigurationList;
			buildConfigurations = (
				6FBEEECD2AF93BC900B27A53 /* Debug */,
				6FBEEECE2AF93BC900B27A53 /* Release */,
			);
			defaultConfigurationIsVisible = 0;
			defaultConfigurationName = Release;
		};
		6FBEEECF2AF93BC900B27A53 /* Build configuration list for PBXNativeTarget "ImageFeed" */ = {
			isa = XCConfigurationList;
			buildConfigurations = (
				6FBEEED02AF93BC900B27A53 /* Debug */,
				6FBEEED12AF93BC900B27A53 /* Release */,
			);
			defaultConfigurationIsVisible = 0;
			defaultConfigurationName = Release;
		};
		6FBEEED22AF93BC900B27A53 /* Build configuration list for PBXNativeTarget "ImageFeedTests" */ = {
			isa = XCConfigurationList;
			buildConfigurations = (
				6FBEEED32AF93BC900B27A53 /* Debug */,
				6FBEEED42AF93BC900B27A53 /* Release */,
			);
			defaultConfigurationIsVisible = 0;
			defaultConfigurationName = Release;
		};
		6FBEEED52AF93BC900B27A53 /* Build configuration list for PBXNativeTarget "ImageFeedUITests" */ = {
			isa = XCConfigurationList;
			buildConfigurations = (
				6FBEEED62AF93BC900B27A53 /* Debug */,
				6FBEEED72AF93BC900B27A53 /* Release */,
			);
			defaultConfigurationIsVisible = 0;
			defaultConfigurationName = Release;
		};
/* End XCConfigurationList section */

/* Begin XCRemoteSwiftPackageReference section */
		1201C2392B5AEC0E0015F8D8 /* XCRemoteSwiftPackageReference "SwiftKeychainWrapper" */ = {
			isa = XCRemoteSwiftPackageReference;
			repositoryURL = "https://github.com/jrendel/SwiftKeychainWrapper.git";
			requirement = {
				kind = upToNextMinorVersion;
				minimumVersion = 4.0.0;
			};
		};
		124A26A52B56DB89006EAF9A /* XCRemoteSwiftPackageReference "Kingfisher" */ = {
			isa = XCRemoteSwiftPackageReference;
			repositoryURL = "https://github.com/onevcat/Kingfisher.git";
			requirement = {
				kind = upToNextMinorVersion;
				minimumVersion = 7.10.0;
			};
		};
		12D3CEA22B51856900F20C2F /* XCRemoteSwiftPackageReference "ProgressHUD" */ = {
			isa = XCRemoteSwiftPackageReference;
			repositoryURL = "https://github.com/relatedcode/ProgressHUD.git";
			requirement = {
				kind = exactVersion;
				version = 13.6.1;
			};
		};
/* End XCRemoteSwiftPackageReference section */

/* Begin XCSwiftPackageProductDependency section */
		1201C23A2B5AEC0E0015F8D8 /* SwiftKeychainWrapper */ = {
			isa = XCSwiftPackageProductDependency;
			package = 1201C2392B5AEC0E0015F8D8 /* XCRemoteSwiftPackageReference "SwiftKeychainWrapper" */;
			productName = SwiftKeychainWrapper;
		};
		124A26A62B56DB89006EAF9A /* Kingfisher */ = {
			isa = XCSwiftPackageProductDependency;
			package = 124A26A52B56DB89006EAF9A /* XCRemoteSwiftPackageReference "Kingfisher" */;
			productName = Kingfisher;
		};
		12D3CEA32B51856900F20C2F /* ProgressHUD */ = {
			isa = XCSwiftPackageProductDependency;
			package = 12D3CEA22B51856900F20C2F /* XCRemoteSwiftPackageReference "ProgressHUD" */;
			productName = ProgressHUD;
		};
/* End XCSwiftPackageProductDependency section */
	};
	rootObject = 6FBEEE9D2AF93BC700B27A53 /* Project object */;
}
